
Microsoft Visual Studio Solution File, Format Version 12.00
# Visual Studio Version 17
VisualStudioVersion = 17.0.31903.59
MinimumVisualStudioVersion = 10.0.40219.1
Project("{2150E333-8FDC-42A3-9474-1A3956D46DE8}") = "root", "root", "{1A4ABCD3-DB38-4937-9140-314BE0C26D9A}"
	ProjectSection(SolutionItems) = preProject
		.editorconfig = .editorconfig
		.gitattributes = .gitattributes
		.gitignore = .gitignore
		.gitmodules = .gitmodules
		Directory.Build.props = Directory.Build.props
		global.json = global.json
		LICENSE = LICENSE
		README.md = README.md
	EndProjectSection
EndProject
Project("{2150E333-8FDC-42A3-9474-1A3956D46DE8}") = "src", "src", "{E9B7DE34-E616-480C-9773-7B41FF641B8E}"
EndProject
Project("{9A19103F-16F7-4668-BE54-9A1E7A4F7556}") = "Identity", "src\Identity\Identity.csproj", "{B77716AC-B33B-4AAB-9DEF-AC1955B2C4EA}"
EndProject
Project("{9A19103F-16F7-4668-BE54-9A1E7A4F7556}") = "Identity.App.MongoDb", "src\Identity.App.MongoDb\Identity.App.MongoDb.csproj", "{293DEA3D-545C-4A56-9D06-A3F3722802BD}"
EndProject
Project("{9A19103F-16F7-4668-BE54-9A1E7A4F7556}") = "DeckOfDepravity", "src\DeckOfDepravity\DeckOfDepravity.csproj", "{4E2C85B4-73B2-4DA5-AB90-542E4071C72C}"
EndProject
Project("{2150E333-8FDC-42A3-9474-1A3956D46DE8}") = "src-modules", "src-modules", "{FBB5DC60-D13A-4D92-BE1C-F97F1DDE0154}"
EndProject
Project("{2150E333-8FDC-42A3-9474-1A3956D46DE8}") = "src_id", "src_id", "{E9C76D1C-0C6E-4A0F-831F-84C9DD298D76}"
EndProject
Project("{9A19103F-16F7-4668-BE54-9A1E7A4F7556}") = "DeckOfDepravity.App.MongoDb", "src\DeckOfDepravity.App.MongoDb\DeckOfDepravity.App.MongoDb.csproj", "{11D22C06-4305-4A94-ABFD-2692BB4A274D}"
EndProject
Project("{9A19103F-16F7-4668-BE54-9A1E7A4F7556}") = "Core", "src-modules\Core\src\Core\Core.csproj", "{E40209C6-4D33-47DF-BA5A-88C8E2A4C3F0}"
EndProject
Project("{9A19103F-16F7-4668-BE54-9A1E7A4F7556}") = "Core.App", "src-modules\Core\src\Core.App\Core.App.csproj", "{B387FB36-59AE-409A-A93C-0EF23CB64386}"
EndProject
Project("{9A19103F-16F7-4668-BE54-9A1E7A4F7556}") = "Core.App.MongoDb", "src-modules\Core\src\Core.App.MongoDb\Core.App.MongoDb.csproj", "{20735A4F-EF1C-4662-B074-CDC53E1D85A9}"
EndProject
Project("{9A19103F-16F7-4668-BE54-9A1E7A4F7556}") = "Core.UI", "src-modules\Core\src\Core.UI\Core.UI.csproj", "{1C66056A-9CDF-48FF-B0C7-039D9643E0E6}"
EndProject
Project("{9A19103F-16F7-4668-BE54-9A1E7A4F7556}") = "Core.Web", "src-modules\Core\src\Core.Web\Core.Web.csproj", "{4D92834D-A9EA-4E9C-9C8D-40643B6FD976}"
EndProject
Global
	GlobalSection(SolutionConfigurationPlatforms) = preSolution
		Debug|Any CPU = Debug|Any CPU
		Release|Any CPU = Release|Any CPU
	EndGlobalSection
	GlobalSection(ProjectConfigurationPlatforms) = postSolution
		{B77716AC-B33B-4AAB-9DEF-AC1955B2C4EA}.Debug|Any CPU.ActiveCfg = Debug|Any CPU
		{B77716AC-B33B-4AAB-9DEF-AC1955B2C4EA}.Debug|Any CPU.Build.0 = Debug|Any CPU
		{B77716AC-B33B-4AAB-9DEF-AC1955B2C4EA}.Release|Any CPU.ActiveCfg = Release|Any CPU
		{B77716AC-B33B-4AAB-9DEF-AC1955B2C4EA}.Release|Any CPU.Build.0 = Release|Any CPU
		{293DEA3D-545C-4A56-9D06-A3F3722802BD}.Debug|Any CPU.ActiveCfg = Debug|Any CPU
		{293DEA3D-545C-4A56-9D06-A3F3722802BD}.Debug|Any CPU.Build.0 = Debug|Any CPU
		{293DEA3D-545C-4A56-9D06-A3F3722802BD}.Release|Any CPU.ActiveCfg = Release|Any CPU
		{293DEA3D-545C-4A56-9D06-A3F3722802BD}.Release|Any CPU.Build.0 = Release|Any CPU
		{4E2C85B4-73B2-4DA5-AB90-542E4071C72C}.Debug|Any CPU.ActiveCfg = Debug|Any CPU
		{4E2C85B4-73B2-4DA5-AB90-542E4071C72C}.Debug|Any CPU.Build.0 = Debug|Any CPU
		{4E2C85B4-73B2-4DA5-AB90-542E4071C72C}.Release|Any CPU.ActiveCfg = Release|Any CPU
		{4E2C85B4-73B2-4DA5-AB90-542E4071C72C}.Release|Any CPU.Build.0 = Release|Any CPU
		{11D22C06-4305-4A94-ABFD-2692BB4A274D}.Debug|Any CPU.ActiveCfg = Debug|Any CPU
		{11D22C06-4305-4A94-ABFD-2692BB4A274D}.Debug|Any CPU.Build.0 = Debug|Any CPU
		{11D22C06-4305-4A94-ABFD-2692BB4A274D}.Release|Any CPU.ActiveCfg = Release|Any CPU
		{11D22C06-4305-4A94-ABFD-2692BB4A274D}.Release|Any CPU.Build.0 = Release|Any CPU
		{E40209C6-4D33-47DF-BA5A-88C8E2A4C3F0}.Debug|Any CPU.ActiveCfg = Debug|Any CPU
		{E40209C6-4D33-47DF-BA5A-88C8E2A4C3F0}.Debug|Any CPU.Build.0 = Debug|Any CPU
		{E40209C6-4D33-47DF-BA5A-88C8E2A4C3F0}.Release|Any CPU.ActiveCfg = Release|Any CPU
		{E40209C6-4D33-47DF-BA5A-88C8E2A4C3F0}.Release|Any CPU.Build.0 = Release|Any CPU
		{B387FB36-59AE-409A-A93C-0EF23CB64386}.Debug|Any CPU.ActiveCfg = Debug|Any CPU
		{B387FB36-59AE-409A-A93C-0EF23CB64386}.Debug|Any CPU.Build.0 = Debug|Any CPU
		{B387FB36-59AE-409A-A93C-0EF23CB64386}.Release|Any CPU.ActiveCfg = Release|Any CPU
		{B387FB36-59AE-409A-A93C-0EF23CB64386}.Release|Any CPU.Build.0 = Release|Any CPU
		{20735A4F-EF1C-4662-B074-CDC53E1D85A9}.Debug|Any CPU.ActiveCfg = Debug|Any CPU
		{20735A4F-EF1C-4662-B074-CDC53E1D85A9}.Debug|Any CPU.Build.0 = Debug|Any CPU
		{20735A4F-EF1C-4662-B074-CDC53E1D85A9}.Release|Any CPU.ActiveCfg = Release|Any CPU
		{20735A4F-EF1C-4662-B074-CDC53E1D85A9}.Release|Any CPU.Build.0 = Release|Any CPU
		{1C66056A-9CDF-48FF-B0C7-039D9643E0E6}.Debug|Any CPU.ActiveCfg = Debug|Any CPU
		{1C66056A-9CDF-48FF-B0C7-039D9643E0E6}.Debug|Any CPU.Build.0 = Debug|Any CPU
		{1C66056A-9CDF-48FF-B0C7-039D9643E0E6}.Release|Any CPU.ActiveCfg = Release|Any CPU
		{1C66056A-9CDF-48FF-B0C7-039D9643E0E6}.Release|Any CPU.Build.0 = Release|Any CPU
		{4D92834D-A9EA-4E9C-9C8D-40643B6FD976}.Debug|Any CPU.ActiveCfg = Debug|Any CPU
		{4D92834D-A9EA-4E9C-9C8D-40643B6FD976}.Debug|Any CPU.Build.0 = Debug|Any CPU
		{4D92834D-A9EA-4E9C-9C8D-40643B6FD976}.Release|Any CPU.ActiveCfg = Release|Any CPU
		{4D92834D-A9EA-4E9C-9C8D-40643B6FD976}.Release|Any CPU.Build.0 = Release|Any CPU
	EndGlobalSection
	GlobalSection(SolutionProperties) = preSolution
		HideSolutionNode = FALSE
	EndGlobalSection
	GlobalSection(NestedProjects) = preSolution
		{B77716AC-B33B-4AAB-9DEF-AC1955B2C4EA} = {E9C76D1C-0C6E-4A0F-831F-84C9DD298D76}
		{293DEA3D-545C-4A56-9D06-A3F3722802BD} = {E9C76D1C-0C6E-4A0F-831F-84C9DD298D76}
		{4E2C85B4-73B2-4DA5-AB90-542E4071C72C} = {E9B7DE34-E616-480C-9773-7B41FF641B8E}
		{11D22C06-4305-4A94-ABFD-2692BB4A274D} = {E9B7DE34-E616-480C-9773-7B41FF641B8E}
		{E40209C6-4D33-47DF-BA5A-88C8E2A4C3F0} = {FBB5DC60-D13A-4D92-BE1C-F97F1DDE0154}
		{B387FB36-59AE-409A-A93C-0EF23CB64386} = {FBB5DC60-D13A-4D92-BE1C-F97F1DDE0154}
		{20735A4F-EF1C-4662-B074-CDC53E1D85A9} = {FBB5DC60-D13A-4D92-BE1C-F97F1DDE0154}
		{1C66056A-9CDF-48FF-B0C7-039D9643E0E6} = {FBB5DC60-D13A-4D92-BE1C-F97F1DDE0154}
		{4D92834D-A9EA-4E9C-9C8D-40643B6FD976} = {FBB5DC60-D13A-4D92-BE1C-F97F1DDE0154}
	EndGlobalSection
	GlobalSection(ExtensibilityGlobals) = postSolution
		SolutionGuid = {2D4F5A32-5F1E-4FA0-ADBF-5A22609CB22B}
	EndGlobalSection
EndGlobal
